<?xml version="1.0" encoding="UTF-8" standalone="yes" ?>
<CodeBlocks_project_file>
	<FileVersion major="1" minor="6" />
	<Project>
		<Option title="Stickman" />
		<Option pch_mode="2" />
		<Option compiler="gcc" />
		<Build>
			<Target title="Debug">
				<Option output="bin/Debug/Stickman" prefix_auto="1" extension_auto="1" />
				<Option object_output="obj/Debug/" />
				<Option type="1" />
				<Option compiler="gcc" />
				<Option use_console_runner="0" />
				<Compiler>
					<Add option="-std=c++11" />
					<Add option="-g" />
				</Compiler>
				<Linker>
					<Add option="-lwinmm" />
				</Linker>
			</Target>
			<Target title="Release">
				<Option output="bin/Release/Stickman" prefix_auto="1" extension_auto="1" />
				<Option object_output="obj/Release/" />
				<Option type="1" />
				<Option compiler="gcc" />
				<Compiler>
					<Add option="-O2" />
					<Add option="-std=c++11" />
				</Compiler>
				<Linker>
					<Add option="-s" />
					<Add option="-lwinmm" />
				</Linker>
			</Target>
		</Build>
		<Compiler>
			<Add option="-Wall" />
			<Add option="-fexceptions" />
		</Compiler>
		<Unit filename="amo.txt" />
		<Unit filename="amo_boss.txt" />
		<Unit filename="background.mp3" />
		<Unit filename="battle.mp3" />
		<Unit filename="boss.txt" />
		<Unit filename="boss.wav" />
		<Unit filename="click.wav" />
		<Unit filename="console.cpp" />
		<Unit filename="console.h" />
		<Unit filename="enemy.txt" />
		<Unit filename="human1.txt" />
		<Unit filename="human2.txt" />
		<Unit filename="human3.txt" />
		<Unit filename="human4.txt" />
		<Unit filename="human5.txt" />
		<Unit filename="human6.txt" />
		<Unit filename="human7.txt" />
		<Unit filename="image.h" />
		<Unit filename="lose.wav" />
		<Unit filename="main.cpp" />
		<Unit filename="resource.rc">
			<Option compilerVar="WINDRES" />
		</Unit>
		<Unit filename="shot.mp3" />
		<Unit filename="win.mp3" />
		<Extensions>
			<code_completion />
			<envvars />
			<debugger />
			<lib_finder disable_auto="1" />
		</Extensions>
	</Project>
</CodeBlocks_project_file>
